
Microsoft Visual Studio Solution File, Format Version 9.00
# Visual Studio 2005
Project("{E24C65DC-7377-472B-9ABA-BC803B73C61A}") = "C:\...\MobilizeCrop\", "..\WebSites\MobilizeCrop", "{BA703BC5-9550-4D91-9C56-9C272A0FC4CD}"
	ProjectSection(WebsiteProperties) = preProject
		Debug.AspNetCompiler.VirtualPath = "/MobilizeCrop"
		Debug.AspNetCompiler.PhysicalPath = "..\WebSites\MobilizeCrop\"
		Debug.AspNetCompiler.TargetPath = "PrecompiledWeb\MobilizeCrop\"
		Debug.AspNetCompiler.Updateable = "true"
		Debug.AspNetCompiler.ForceOverwrite = "true"
		Debug.AspNetCompiler.FixedNames = "false"
		Debug.AspNetCompiler.Debug = "True"
		Release.AspNetCompiler.VirtualPath = "/MobilizeCrop"
		Release.AspNetCompiler.PhysicalPath = "..\WebSites\MobilizeCrop\"
		Release.AspNetCompiler.TargetPath = "PrecompiledWeb\MobilizeCrop\"
		Release.AspNetCompiler.Updateable = "true"
		Release.AspNetCompiler.ForceOverwrite = "true"
		Release.AspNetCompiler.FixedNames = "false"
		Release.AspNetCompiler.Debug = "False"
		VWDPort = "2381"
	EndProjectSection
EndProject
Global
	GlobalSection(SolutionConfigurationPlatforms) = preSolution
		Debug|.NET = Debug|.NET
	EndGlobalSection
	GlobalSection(ProjectConfigurationPlatforms) = postSolution
		{BA703BC5-9550-4D91-9C56-9C272A0FC4CD}.Debug|.NET.ActiveCfg = Debug|.NET
		{BA703BC5-9550-4D91-9C56-9C272A0FC4CD}.Debug|.NET.Build.0 = Debug|.NET
	EndGlobalSection
	GlobalSection(SolutionProperties) = preSolution
		HideSolutionNode = FALSE
	EndGlobalSection
EndGlobal
