
Microsoft Visual Studio Solution File, Format Version 9.00
# Visual Studio 2005
Project("{54435603-DBB4-11D2-8724-00A0C9A8B90C}") = "MakeCab", "MakeCab.vdproj", "{73020E0C-AD02-430B-8624-7584F83EDFD2}"
EndProject
Global
	GlobalSection(SolutionConfigurationPlatforms) = preSolution
		Release|Default = Release|Default
	EndGlobalSection
	GlobalSection(ProjectConfigurationPlatforms) = postSolution
		{73020E0C-AD02-430B-8624-7584F83EDFD2}.Release|Default.ActiveCfg = Release
		{73020E0C-AD02-430B-8624-7584F83EDFD2}.Release|Default.Build.0 = Release
	EndGlobalSection
	GlobalSection(SolutionProperties) = preSolution
		HideSolutionNode = FALSE
	EndGlobalSection
EndGlobal
