
Microsoft Visual Studio Solution File, Format Version 9.00
# Visual Studio 2005
Project("{8BC9CEB8-8B4A-11D0-8D11-00A0C91BC942}") = "CTPUtil", "CTPUtil.vcproj", "{0CC11512-90E1-4724-84A4-8DE5E00551B9}"
EndProject
Global
	GlobalSection(SourceCodeControl) = preSolution
		SccNumberOfProjects = 2
		SccProjectName0 = \u0022$/AgApplications/CreateAndPrint/CTPUtil\u0022,\u0020DCAAAAAA
		SccLocalPath0 = .
		SccProvider0 = MSSCCI:Microsoft\u0020Visual\u0020SourceSafe
		SccProjectUniqueName1 = CTPUtil.vcproj
		SccLocalPath1 = .
	EndGlobalSection
	GlobalSection(SolutionConfigurationPlatforms) = preSolution
		Debug|Win32 = Debug|Win32
		Release|Win32 = Release|Win32
	EndGlobalSection
	GlobalSection(ProjectConfigurationPlatforms) = postSolution
		{0CC11512-90E1-4724-84A4-8DE5E00551B9}.Debug|Win32.ActiveCfg = Debug|Win32
		{0CC11512-90E1-4724-84A4-8DE5E00551B9}.Debug|Win32.Build.0 = Debug|Win32
		{0CC11512-90E1-4724-84A4-8DE5E00551B9}.Release|Win32.ActiveCfg = Release|Win32
		{0CC11512-90E1-4724-84A4-8DE5E00551B9}.Release|Win32.Build.0 = Release|Win32
	EndGlobalSection
	GlobalSection(SolutionProperties) = preSolution
		HideSolutionNode = FALSE
	EndGlobalSection
EndGlobal
