Microsoft Visual Studio Solution File, Format Version 8.00
Project("{8BC9CEB8-8B4A-11D0-8D11-00A0C91BC942}") = "JMHook", "JMHook.vcproj", "{098E1403-07EA-4A74-949A-31EF3186D149}"
	ProjectSection(ProjectDependencies) = postProject
	EndProjectSection
EndProject
Global
	GlobalSection(SolutionConfiguration) = preSolution
		Debug = Debug
		Release = Release
	EndGlobalSection
	GlobalSection(ProjectConfiguration) = postSolution
		{098E1403-07EA-4A74-949A-31EF3186D149}.Debug.ActiveCfg = Debug|Win32
		{098E1403-07EA-4A74-949A-31EF3186D149}.Debug.Build.0 = Debug|Win32
		{098E1403-07EA-4A74-949A-31EF3186D149}.Release.ActiveCfg = Release|Win32
		{098E1403-07EA-4A74-949A-31EF3186D149}.Release.Build.0 = Release|Win32
	EndGlobalSection
	GlobalSection(SolutionItems) = postSolution
		IPC.cpp = IPC.cpp
		IPC.h = IPC.h
	EndGlobalSection
	GlobalSection(ExtensibilityGlobals) = postSolution
	EndGlobalSection
	GlobalSection(ExtensibilityAddIns) = postSolution
	EndGlobalSection
EndGlobal
