
Microsoft Visual Studio Solution File, Format Version 12.00
# Visual Studio 11
Project("{FAE04EC0-301F-11D3-BF4B-00C04F79EFBC}") = "CharityRace", "CharityRace\CharityRace.csproj", "{80E5FDF7-8B2F-4632-8E9B-B8AB919D4905}"
EndProject
Project("{FAE04EC0-301F-11D3-BF4B-00C04F79EFBC}") = "CharityRace.Web", "CharityRace.Web\CharityRace.Web.csproj", "{024918C5-C01D-433B-AE91-B6FC47F254B9}"
EndProject
Global
	GlobalSection(SubversionScc) = preSolution
		Manager = AnkhSVN - Subversion Support for Visual Studio
		Svn-Managed = True
	EndGlobalSection
	GlobalSection(SolutionConfigurationPlatforms) = preSolution
		Debug|Any CPU = Debug|Any CPU
		Release|Any CPU = Release|Any CPU
	EndGlobalSection
	GlobalSection(ProjectConfigurationPlatforms) = postSolution
		{024918C5-C01D-433B-AE91-B6FC47F254B9}.Debug|Any CPU.ActiveCfg = Debug|Any CPU
		{024918C5-C01D-433B-AE91-B6FC47F254B9}.Debug|Any CPU.Build.0 = Debug|Any CPU
		{024918C5-C01D-433B-AE91-B6FC47F254B9}.Release|Any CPU.ActiveCfg = Release|Any CPU
		{024918C5-C01D-433B-AE91-B6FC47F254B9}.Release|Any CPU.Build.0 = Release|Any CPU
		{80E5FDF7-8B2F-4632-8E9B-B8AB919D4905}.Debug|Any CPU.ActiveCfg = Debug|Any CPU
		{80E5FDF7-8B2F-4632-8E9B-B8AB919D4905}.Debug|Any CPU.Build.0 = Debug|Any CPU
		{80E5FDF7-8B2F-4632-8E9B-B8AB919D4905}.Release|Any CPU.ActiveCfg = Release|Any CPU
		{80E5FDF7-8B2F-4632-8E9B-B8AB919D4905}.Release|Any CPU.Build.0 = Release|Any CPU
	EndGlobalSection
	GlobalSection(SolutionProperties) = preSolution
		HideSolutionNode = FALSE
	EndGlobalSection
EndGlobal
